{
  "originHash" : "595aaff16a6844ad5a533c93d39516bf0e6e2ed56ac71f5eebe43ff8ad003462",
  "pins" : [
    {
      "identity" : "swift-protobuf",
      "kind" : "remoteSourceControl",
      "location" : "https://github.com/apple/swift-protobuf/",
      "state" : {
        "revision" : "edb6ed4919f7756157fe02f2552b7e3850a538e5",
        "version" : "1.28.1"
      }
    }
  ],
  "version" : 3
}
